<Solution>
  <Folder Name="/Archon/">
    <Project Path="../../../frameworks/archon-framework/Archon/Archon.Api/Archon.Api.csproj" />
    <Project Path="../../../frameworks/archon-framework/Archon/Archon.Application/Archon.Application.csproj" />
    <Project Path="../../../frameworks/archon-framework/Archon/Archon.Core/Archon.Core.csproj" />
    <Project Path="../../../frameworks/archon-framework/Archon/Archon.Infrastructure/Archon.Infrastructure.csproj" />
  </Folder>
  <Project Path="IntegrationPlataform.Api/IntegrationPlataform.Api.csproj" />
  <Project Path="IntegrationPlataform.Application/IntegrationPlataform.Application.csproj" />
  <Project Path="IntegrationPlataform.Domain/IntegrationPlataform.Domain.csproj" />
  <Project Path="IntegrationPlataform.Infrastructure/IntegrationPlataform.Infrastructure.csproj" />
  <Project Path="IntegrationPlataform.Testing/IntegrationPlataform.Testing.csproj" />
  <Project Path="IntegrationPlataform.Web/" Type="Website" DisplayName="IntegrationPlataform.Web">
    <BuildType Project="Debug" />
    <Properties Name="WebsiteProperties">
      <Property Name="Debug.AspNetCompiler.Debug" Value="&quot;True&quot;" />
      <Property Name="Debug.AspNetCompiler.FixedNames" Value="&quot;false&quot;" />
      <Property Name="Debug.AspNetCompiler.ForceOverwrite" Value="&quot;true&quot;" />
      <Property Name="Debug.AspNetCompiler.PhysicalPath" Value="&quot;IntegrationPlataform.Web\&quot;" />
      <Property Name="Debug.AspNetCompiler.TargetPath" Value="&quot;PrecompiledWeb\localhost_58242\&quot;" />
      <Property Name="Debug.AspNetCompiler.Updateable" Value="&quot;true&quot;" />
      <Property Name="Debug.AspNetCompiler.VirtualPath" Value="&quot;/localhost_58242&quot;" />
      <Property Name="Release.AspNetCompiler.Debug" Value="&quot;False&quot;" />
      <Property Name="Release.AspNetCompiler.FixedNames" Value="&quot;false&quot;" />
      <Property Name="Release.AspNetCompiler.ForceOverwrite" Value="&quot;true&quot;" />
      <Property Name="Release.AspNetCompiler.PhysicalPath" Value="&quot;IntegrationPlataform.Web\&quot;" />
      <Property Name="Release.AspNetCompiler.TargetPath" Value="&quot;PrecompiledWeb\localhost_58242\&quot;" />
      <Property Name="Release.AspNetCompiler.Updateable" Value="&quot;true&quot;" />
      <Property Name="Release.AspNetCompiler.VirtualPath" Value="&quot;/localhost_58242&quot;" />
      <Property Name="TargetFrameworkMoniker" Value="&quot;.NETFramework,Version%3Dv4.8&quot;" />
      <Property Name="VWDPort" Value="&quot;58242&quot;" />
    </Properties>
  </Project>
</Solution>
